
Microsoft Visual Studio Solution File, Format Version 12.00
# Visual Studio Version 17
VisualStudioVersion = 17.5.33424.131
MinimumVisualStudioVersion = 10.0.40219.1
Project("{FAE04EC0-301F-11D3-BF4B-00C04F79EFBC}") = "AS2223_4G_INF_TontiCristian_API", "AS2223_4G_INF_TontiCristian_API\AS2223_4G_INF_TontiCristian_API.csproj", "{242AFA22-E032-4222-8172-FD7A74ACE279}"
EndProject
Global
	GlobalSection(SolutionConfigurationPlatforms) = preSolution
		Debug|Any CPU = Debug|Any CPU
		Release|Any CPU = Release|Any CPU
	EndGlobalSection
	GlobalSection(ProjectConfigurationPlatforms) = postSolution
		{242AFA22-E032-4222-8172-FD7A74ACE279}.Debug|Any CPU.ActiveCfg = Debug|Any CPU
		{242AFA22-E032-4222-8172-FD7A74ACE279}.Debug|Any CPU.Build.0 = Debug|Any CPU
		{242AFA22-E032-4222-8172-FD7A74ACE279}.Release|Any CPU.ActiveCfg = Release|Any CPU
		{242AFA22-E032-4222-8172-FD7A74ACE279}.Release|Any CPU.Build.0 = Release|Any CPU
	EndGlobalSection
	GlobalSection(SolutionProperties) = preSolution
		HideSolutionNode = FALSE
	EndGlobalSection
	GlobalSection(ExtensibilityGlobals) = postSolution
		SolutionGuid = {6E8337D2-EEE0-4ED9-A100-D2561496530F}
	EndGlobalSection
EndGlobal
